
Microsoft Visual Studio Solution File, Format Version 12.00
# Visual Studio Version 16
VisualStudioVersion = 16.0.30717.126
MinimumVisualStudioVersion = 10.0.40219.1
Project("{FAE04EC0-301F-11D3-BF4B-00C04F79EFBC}") = "Ecommerce", "Ecommerce.csproj", "{A616B715-6784-4F19-BBAA-22DF716D5BEC}"
EndProject
Global
	GlobalSection(SolutionConfigurationPlatforms) = preSolution
		Debug|Any CPU = Debug|Any CPU
		Release|Any CPU = Release|Any CPU
	EndGlobalSection
	GlobalSection(ProjectConfigurationPlatforms) = postSolution
		{A616B715-6784-4F19-BBAA-22DF716D5BEC}.Debug|Any CPU.ActiveCfg = Debug|Any CPU
		{A616B715-6784-4F19-BBAA-22DF716D5BEC}.Debug|Any CPU.Build.0 = Debug|Any CPU
		{A616B715-6784-4F19-BBAA-22DF716D5BEC}.Release|Any CPU.ActiveCfg = Release|Any CPU
		{A616B715-6784-4F19-BBAA-22DF716D5BEC}.Release|Any CPU.Build.0 = Release|Any CPU
	EndGlobalSection
	GlobalSection(SolutionProperties) = preSolution
		HideSolutionNode = FALSE
	EndGlobalSection
	GlobalSection(ExtensibilityGlobals) = postSolution
		SolutionGuid = {7FA53BEC-F410-4DEC-92BC-DBD45AE40DE5}
	EndGlobalSection
EndGlobal
